// !$*UTF8*$!
{
	archiveVersion = 1;
	classes = {
	};
	objectVersion = 46;
	objects = {

/* Begin PBXBuildFile section */
		825FF6BA1DFE830800F754E8 /* main.m in Sources */ = {isa = PBXBuildFile; fileRef = 825FF6B91DFE830800F754E8 /* main.m */; };
		825FF6BD1DFE830800F754E8 /* AppDelegate.m in Sources */ = {isa = PBXBuildFile; fileRef = 825FF6BC1DFE830800F754E8 /* AppDelegate.m */; };
		825FF6C01DFE830800F754E8 /* WebViewController.m in Sources */ = {isa = PBXBuildFile; fileRef = 825FF6BF1DFE830800F754E8 /* WebViewController.m */; };
		825FF6C31DFE830800F754E8 /* Main.storyboard in Resources */ = {isa = PBXBuildFile; fileRef = 825FF6C11DFE830800F754E8 /* Main.storyboard */; };
		825FF6C51DFE830800F754E8 /* Assets.xcassets in Resources */ = {isa = PBXBuildFile; fileRef = 825FF6C41DFE830800F754E8 /* Assets.xcassets */; };
		825FF6C81DFE830800F754E8 /* LaunchScreen.storyboard in Resources */ = {isa = PBXBuildFile; fileRef = 825FF6C61DFE830800F754E8 /* LaunchScreen.storyboard */; };
		825FF6D31DFE830900F754E8 /* WKWebView_XHTests.m in Sources */ = {isa = PBXBuildFile; fileRef = 825FF6D21DFE830900F754E8 /* WKWebView_XHTests.m */; };
		825FF6DE1DFE830900F754E8 /* WKWebView_XHUITests.m in Sources */ = {isa = PBXBuildFile; fileRef = 825FF6DD1DFE830900F754E8 /* WKWebView_XHUITests.m */; };
		825FF6ED1DFE831A00F754E8 /* WebKit.framework in Frameworks */ = {isa = PBXBuildFile; fileRef = 825FF6EC1DFE831A00F754E8 /* WebKit.framework */; };
		825FF6F01DFE848E00F754E8 /* MainViewController.m in Sources */ = {isa = PBXBuildFile; fileRef = 825FF6EF1DFE848E00F754E8 /* MainViewController.m */; };
		825FF6F31DFE857F00F754E8 /* MyNavigationController.m in Sources */ = {isa = PBXBuildFile; fileRef = 825FF6F21DFE857F00F754E8 /* MyNavigationController.m */; };
/* End PBXBuildFile section */

/* Begin PBXContainerItemProxy section */
		825FF6CF1DFE830900F754E8 /* PBXContainerItemProxy */ = {
			isa = PBXContainerItemProxy;
			containerPortal = 825FF6AD1DFE830800F754E8 /* Project object */;
			proxyType = 1;
			remoteGlobalIDString = 825FF6B41DFE830800F754E8;
			remoteInfo = "WKWebView-XH";
		};
		825FF6DA1DFE830900F754E8 /* PBXContainerItemProxy */ = {
			isa = PBXContainerItemProxy;
			containerPortal = 825FF6AD1DFE830800F754E8 /* Project object */;
			proxyType = 1;
			remoteGlobalIDString = 825FF6B41DFE830800F754E8;
			remoteInfo = "WKWebView-XH";
		};
/* End PBXContainerItemProxy section */

/* Begin PBXFileReference section */
		825FF6B51DFE830800F754E8 /* WKWebView-XH.app */ = {isa = PBXFileReference; explicitFileType = wrapper.application; includeInIndex = 0; path = "WKWebView-XH.app"; sourceTree = BUILT_PRODUCTS_DIR; };
		825FF6B91DFE830800F754E8 /* main.m */ = {isa = PBXFileReference; lastKnownFileType = sourcecode.c.objc; path = main.m; sourceTree = "<group>"; };
		825FF6BB1DFE830800F754E8 /* AppDelegate.h */ = {isa = PBXFileReference; lastKnownFileType = sourcecode.c.h; path = AppDelegate.h; sourceTree = "<group>"; };
		825FF6BC1DFE830800F754E8 /* AppDelegate.m */ = {isa = PBXFileReference; lastKnownFileType = sourcecode.c.objc; path = AppDelegate.m; sourceTree = "<group>"; };
		825FF6BE1DFE830800F754E8 /* WebViewController.h */ = {isa = PBXFileReference; lastKnownFileType = sourcecode.c.h; path = WebViewController.h; sourceTree = "<group>"; };
		825FF6BF1DFE830800F754E8 /* WebViewController.m */ = {isa = PBXFileReference; lastKnownFileType = sourcecode.c.objc; path = WebViewController.m; sourceTree = "<group>"; };
		825FF6C21DFE830800F754E8 /* Base */ = {isa = PBXFileReference; lastKnownFileType = file.storyboard; name = Base; path = Base.lproj/Main.storyboard; sourceTree = "<group>"; };
		825FF6C41DFE830800F754E8 /* Assets.xcassets */ = {isa = PBXFileReference; lastKnownFileType = folder.assetcatalog; path = Assets.xcassets; sourceTree = "<group>"; };
		825FF6C71DFE830800F754E8 /* Base */ = {isa = PBXFileReference; lastKnownFileType = file.storyboard; name = Base; path = Base.lproj/LaunchScreen.storyboard; sourceTree = "<group>"; };
		825FF6C91DFE830800F754E8 /* Info.plist */ = {isa = PBXFileReference; lastKnownFileType = text.plist.xml; path = Info.plist; sourceTree = "<group>"; };
		825FF6CE1DFE830900F754E8 /* WKWebView-XHTests.xctest */ = {isa = PBXFileReference; explicitFileType = wrapper.cfbundle; includeInIndex = 0; path = "WKWebView-XHTests.xctest"; sourceTree = BUILT_PRODUCTS_DIR; };
		825FF6D21DFE830900F754E8 /* WKWebView_XHTests.m */ = {isa = PBXFileReference; lastKnownFileType = sourcecode.c.objc; path = WKWebView_XHTests.m; sourceTree = "<group>"; };
		825FF6D41DFE830900F754E8 /* Info.plist */ = {isa = PBXFileReference; lastKnownFileType = text.plist.xml; path = Info.plist; sourceTree = "<group>"; };
		825FF6D91DFE830900F754E8 /* WKWebView-XHUITests.xctest */ = {isa = PBXFileReference; explicitFileType = wrapper.cfbundle; includeInIndex = 0; path = "WKWebView-XHUITests.xctest"; sourceTree = BUILT_PRODUCTS_DIR; };
		825FF6DD1DFE830900F754E8 /* WKWebView_XHUITests.m */ = {isa = PBXFileReference; lastKnownFileType = sourcecode.c.objc; path = WKWebView_XHUITests.m; sourceTree = "<group>"; };
		825FF6DF1DFE830900F754E8 /* Info.plist */ = {isa = PBXFileReference; lastKnownFileType = text.plist.xml; path = Info.plist; sourceTree = "<group>"; };
		825FF6EC1DFE831A00F754E8 /* WebKit.framework */ = {isa = PBXFileReference; lastKnownFileType = wrapper.framework; name = WebKit.framework; path = System/Library/Frameworks/WebKit.framework; sourceTree = SDKROOT; };
		825FF6EE1DFE848E00F754E8 /* MainViewController.h */ = {isa = PBXFileReference; fileEncoding = 4; lastKnownFileType = sourcecode.c.h; path = MainViewController.h; sourceTree = "<group>"; };
		825FF6EF1DFE848E00F754E8 /* MainViewController.m */ = {isa = PBXFileReference; fileEncoding = 4; lastKnownFileType = sourcecode.c.objc; path = MainViewController.m; sourceTree = "<group>"; };
		825FF6F11DFE857F00F754E8 /* MyNavigationController.h */ = {isa = PBXFileReference; fileEncoding = 4; lastKnownFileType = sourcecode.c.h; path = MyNavigationController.h; sourceTree = "<group>"; };
		825FF6F21DFE857F00F754E8 /* MyNavigationController.m */ = {isa = PBXFileReference; fileEncoding = 4; lastKnownFileType = sourcecode.c.objc; path = MyNavigationController.m; sourceTree = "<group>"; };
/* End PBXFileReference section */

/* Begin PBXFrameworksBuildPhase section */
		825FF6B21DFE830800F754E8 /* Frameworks */ = {
			isa = PBXFrameworksBuildPhase;
			buildActionMask = 2147483647;
			files = (
				825FF6ED1DFE831A00F754E8 /* WebKit.framework in Frameworks */,
			);
			runOnlyForDeploymentPostprocessing = 0;
		};
		825FF6CB1DFE830900F754E8 /* Frameworks */ = {
			isa = PBXFrameworksBuildPhase;
			buildActionMask = 2147483647;
			files = (
			);
			runOnlyForDeploymentPostprocessing = 0;
		};
		825FF6D61DFE830900F754E8 /* Frameworks */ = {
			isa = PBXFrameworksBuildPhase;
			buildActionMask = 2147483647;
			files = (
			);
			runOnlyForDeploymentPostprocessing = 0;
		};
/* End PBXFrameworksBuildPhase section */

/* Begin PBXGroup section */
		825FF6AC1DFE830800F754E8 = {
			isa = PBXGroup;
			children = (
				825FF6B71DFE830800F754E8 /* WKWebView-XH */,
				825FF6D11DFE830900F754E8 /* WKWebView-XHTests */,
				825FF6DC1DFE830900F754E8 /* WKWebView-XHUITests */,
				825FF6B61DFE830800F754E8 /* Products */,
				825FF6EB1DFE831900F754E8 /* Frameworks */,
			);
			sourceTree = "<group>";
		};
		825FF6B61DFE830800F754E8 /* Products */ = {
			isa = PBXGroup;
			children = (
				825FF6B51DFE830800F754E8 /* WKWebView-XH.app */,
				825FF6CE1DFE830900F754E8 /* WKWebView-XHTests.xctest */,
				825FF6D91DFE830900F754E8 /* WKWebView-XHUITests.xctest */,
			);
			name = Products;
			sourceTree = "<group>";
		};
		825FF6B71DFE830800F754E8 /* WKWebView-XH */ = {
			isa = PBXGroup;
			children = (
				825FF6BB1DFE830800F754E8 /* AppDelegate.h */,
				825FF6BC1DFE830800F754E8 /* AppDelegate.m */,
				825FF6BE1DFE830800F754E8 /* WebViewController.h */,
				825FF6BF1DFE830800F754E8 /* WebViewController.m */,
				825FF6F11DFE857F00F754E8 /* MyNavigationController.h */,
				825FF6F21DFE857F00F754E8 /* MyNavigationController.m */,
				825FF6EE1DFE848E00F754E8 /* MainViewController.h */,
				825FF6EF1DFE848E00F754E8 /* MainViewController.m */,
				825FF6C11DFE830800F754E8 /* Main.storyboard */,
				825FF6C41DFE830800F754E8 /* Assets.xcassets */,
				825FF6C61DFE830800F754E8 /* LaunchScreen.storyboard */,
				825FF6C91DFE830800F754E8 /* Info.plist */,
				825FF6B81DFE830800F754E8 /* Supporting Files */,
			);
			path = "WKWebView-XH";
			sourceTree = "<group>";
		};
		825FF6B81DFE830800F754E8 /* Supporting Files */ = {
			isa = PBXGroup;
			children = (
				825FF6B91DFE830800F754E8 /* main.m */,
			);
			name = "Supporting Files";
			sourceTree = "<group>";
		};
		825FF6D11DFE830900F754E8 /* WKWebView-XHTests */ = {
			isa = PBXGroup;
			children = (
				825FF6D21DFE830900F754E8 /* WKWebView_XHTests.m */,
				825FF6D41DFE830900F754E8 /* Info.plist */,
			);
			path = "WKWebView-XHTests";
			sourceTree = "<group>";
		};
		825FF6DC1DFE830900F754E8 /* WKWebView-XHUITests */ = {
			isa = PBXGroup;
			children = (
				825FF6DD1DFE830900F754E8 /* WKWebView_XHUITests.m */,
				825FF6DF1DFE830900F754E8 /* Info.plist */,
			);
			path = "WKWebView-XHUITests";
			sourceTree = "<group>";
		};
		825FF6EB1DFE831900F754E8 /* Frameworks */ = {
			isa = PBXGroup;
			children = (
				825FF6EC1DFE831A00F754E8 /* WebKit.framework */,
			);
			name = Frameworks;
			sourceTree = "<group>";
		};
/* End PBXGroup section */

/* Begin PBXNativeTarget section */
		825FF6B41DFE830800F754E8 /* WKWebView-XH */ = {
			isa = PBXNativeTarget;
			buildConfigurationList = 825FF6E21DFE830900F754E8 /* Build configuration list for PBXNativeTarget "WKWebView-XH" */;
			buildPhases = (
				825FF6B11DFE830800F754E8 /* Sources */,
				825FF6B21DFE830800F754E8 /* Frameworks */,
				825FF6B31DFE830800F754E8 /* Resources */,
			);
			buildRules = (
			);
			dependencies = (
			);
			name = "WKWebView-XH";
			productName = "WKWebView-XH";
			productReference = 825FF6B51DFE830800F754E8 /* WKWebView-XH.app */;
			productType = "com.apple.product-type.application";
		};
		825FF6CD1DFE830900F754E8 /* WKWebView-XHTests */ = {
			isa = PBXNativeTarget;
			buildConfigurationList = 825FF6E51DFE830900F754E8 /* Build configuration list for PBXNativeTarget "WKWebView-XHTests" */;
			buildPhases = (
				825FF6CA1DFE830900F754E8 /* Sources */,
				825FF6CB1DFE830900F754E8 /* Frameworks */,
				825FF6CC1DFE830900F754E8 /* Resources */,
			);
			buildRules = (
			);
			dependencies = (
				825FF6D01DFE830900F754E8 /* PBXTargetDependency */,
			);
			name = "WKWebView-XHTests";
			productName = "WKWebView-XHTests";
			productReference = 825FF6CE1DFE830900F754E8 /* WKWebView-XHTests.xctest */;
			productType = "com.apple.product-type.bundle.unit-test";
		};
		825FF6D81DFE830900F754E8 /* WKWebView-XHUITests */ = {
			isa = PBXNativeTarget;
			buildConfigurationList = 825FF6E81DFE830900F754E8 /* Build configuration list for PBXNativeTarget "WKWebView-XHUITests" */;
			buildPhases = (
				825FF6D51DFE830900F754E8 /* Sources */,
				825FF6D61DFE830900F754E8 /* Frameworks */,
				825FF6D71DFE830900F754E8 /* Resources */,
			);
			buildRules = (
			);
			dependencies = (
				825FF6DB1DFE830900F754E8 /* PBXTargetDependency */,
			);
			name = "WKWebView-XHUITests";
			productName = "WKWebView-XHUITests";
			productReference = 825FF6D91DFE830900F754E8 /* WKWebView-XHUITests.xctest */;
			productType = "com.apple.product-type.bundle.ui-testing";
		};
/* End PBXNativeTarget section */

/* Begin PBXProject section */
		825FF6AD1DFE830800F754E8 /* Project object */ = {
			isa = PBXProject;
			attributes = {
				LastUpgradeCheck = 0810;
				ORGANIZATIONNAME = snow;
				TargetAttributes = {
					825FF6B41DFE830800F754E8 = {
						CreatedOnToolsVersion = 8.1;
						ProvisioningStyle = Automatic;
					};
					825FF6CD1DFE830900F754E8 = {
						CreatedOnToolsVersion = 8.1;
						ProvisioningStyle = Automatic;
						TestTargetID = 825FF6B41DFE830800F754E8;
					};
					825FF6D81DFE830900F754E8 = {
						CreatedOnToolsVersion = 8.1;
						ProvisioningStyle = Automatic;
						TestTargetID = 825FF6B41DFE830800F754E8;
					};
				};
			};
			buildConfigurationList = 825FF6B01DFE830800F754E8 /* Build configuration list for PBXProject "WKWebView-XH" */;
			compatibilityVersion = "Xcode 3.2";
			developmentRegion = English;
			hasScannedForEncodings = 0;
			knownRegions = (
				en,
				Base,
			);
			mainGroup = 825FF6AC1DFE830800F754E8;
			productRefGroup = 825FF6B61DFE830800F754E8 /* Products */;
			projectDirPath = "";
			projectRoot = "";
			targets = (
				825FF6B41DFE830800F754E8 /* WKWebView-XH */,
				825FF6CD1DFE830900F754E8 /* WKWebView-XHTests */,
				825FF6D81DFE830900F754E8 /* WKWebView-XHUITests */,
			);
		};
/* End PBXProject section */

/* Begin PBXResourcesBuildPhase section */
		825FF6B31DFE830800F754E8 /* Resources */ = {
			isa = PBXResourcesBuildPhase;
			buildActionMask = 2147483647;
			files = (
				825FF6C81DFE830800F754E8 /* LaunchScreen.storyboard in Resources */,
				825FF6C51DFE830800F754E8 /* Assets.xcassets in Resources */,
				825FF6C31DFE830800F754E8 /* Main.storyboard in Resources */,
			);
			runOnlyForDeploymentPostprocessing = 0;
		};
		825FF6CC1DFE830900F754E8 /* Resources */ = {
			isa = PBXResourcesBuildPhase;
			buildActionMask = 2147483647;
			files = (
			);
			runOnlyForDeploymentPostprocessing = 0;
		};
		825FF6D71DFE830900F754E8 /* Resources */ = {
			isa = PBXResourcesBuildPhase;
			buildActionMask = 2147483647;
			files = (
			);
			runOnlyForDeploymentPostprocessing = 0;
		};
/* End PBXResourcesBuildPhase section */

/* Begin PBXSourcesBuildPhase section */
		825FF6B11DFE830800F754E8 /* Sources */ = {
			isa = PBXSourcesBuildPhase;
			buildActionMask = 2147483647;
			files = (
				825FF6C01DFE830800F754E8 /* WebViewController.m in Sources */,
				825FF6BD1DFE830800F754E8 /* AppDelegate.m in Sources */,
				825FF6BA1DFE830800F754E8 /* main.m in Sources */,
				825FF6F01DFE848E00F754E8 /* MainViewController.m in Sources */,
				825FF6F31DFE857F00F754E8 /* MyNavigationController.m in Sources */,
			);
			runOnlyForDeploymentPostprocessing = 0;
		};
		825FF6CA1DFE830900F754E8 /* Sources */ = {
			isa = PBXSourcesBuildPhase;
			buildActionMask = 2147483647;
			files = (
				825FF6D31DFE830900F754E8 /* WKWebView_XHTests.m in Sources */,
			);
			runOnlyForDeploymentPostprocessing = 0;
		};
		825FF6D51DFE830900F754E8 /* Sources */ = {
			isa = PBXSourcesBuildPhase;
			buildActionMask = 2147483647;
			files = (
				825FF6DE1DFE830900F754E8 /* WKWebView_XHUITests.m in Sources */,
			);
			runOnlyForDeploymentPostprocessing = 0;
		};
/* End PBXSourcesBuildPhase section */

/* Begin PBXTargetDependency section */
		825FF6D01DFE830900F754E8 /* PBXTargetDependency */ = {
			isa = PBXTargetDependency;
			target = 825FF6B41DFE830800F754E8 /* WKWebView-XH */;
			targetProxy = 825FF6CF1DFE830900F754E8 /* PBXContainerItemProxy */;
		};
		825FF6DB1DFE830900F754E8 /* PBXTargetDependency */ = {
			isa = PBXTargetDependency;
			target = 825FF6B41DFE830800F754E8 /* WKWebView-XH */;
			targetProxy = 825FF6DA1DFE830900F754E8 /* PBXContainerItemProxy */;
		};
/* End PBXTargetDependency section */

/* Begin PBXVariantGroup section */
		825FF6C11DFE830800F754E8 /* Main.storyboard */ = {
			isa = PBXVariantGroup;
			children = (
				825FF6C21DFE830800F754E8 /* Base */,
			);
			name = Main.storyboard;
			sourceTree = "<group>";
		};
		825FF6C61DFE830800F754E8 /* LaunchScreen.storyboard */ = {
			isa = PBXVariantGroup;
			children = (
				825FF6C71DFE830800F754E8 /* Base */,
			);
			name = LaunchScreen.storyboard;
			sourceTree = "<group>";
		};
/* End PBXVariantGroup section */

/* Begin XCBuildConfiguration section */
		825FF6E01DFE830900F754E8 /* Debug */ = {
			isa = XCBuildConfiguration;
			buildSettings = {
				ALWAYS_SEARCH_USER_PATHS = NO;
				CLANG_ANALYZER_NONNULL = YES;
				CLANG_CXX_LANGUAGE_STANDARD = "gnu++0x";
				CLANG_CXX_LIBRARY = "libc++";
				CLANG_ENABLE_MODULES = YES;
				CLANG_ENABLE_OBJC_ARC = YES;
				CLANG_WARN_BOOL_CONVERSION = YES;
				CLANG_WARN_CONSTANT_CONVERSION = YES;
				CLANG_WARN_DIRECT_OBJC_ISA_USAGE = YES_ERROR;
				CLANG_WARN_DOCUMENTATION_COMMENTS = YES;
				CLANG_WARN_EMPTY_BODY = YES;
				CLANG_WARN_ENUM_CONVERSION = YES;
				CLANG_WARN_INFINITE_RECURSION = YES;
				CLANG_WARN_INT_CONVERSION = YES;
				CLANG_WARN_OBJC_ROOT_CLASS = YES_ERROR;
				CLANG_WARN_SUSPICIOUS_MOVES = YES;
				CLANG_WARN_UNREACHABLE_CODE = YES;
				CLANG_WARN__DUPLICATE_METHOD_MATCH = YES;
				"CODE_SIGN_IDENTITY[sdk=iphoneos*]" = "iPhone Developer";
				COPY_PHASE_STRIP = NO;
				DEBUG_INFORMATION_FORMAT = dwarf;
				ENABLE_STRICT_OBJC_MSGSEND = YES;
				ENABLE_TESTABILITY = YES;
				GCC_C_LANGUAGE_STANDARD = gnu99;
				GCC_DYNAMIC_NO_PIC = NO;
				GCC_NO_COMMON_BLOCKS = YES;
				GCC_OPTIMIZATION_LEVEL = 0;
				GCC_PREPROCESSOR_DEFINITIONS = (
					"DEBUG=1",
					"$(inherited)",
				);
				GCC_WARN_64_TO_32_BIT_CONVERSION = YES;
				GCC_WARN_ABOUT_RETURN_TYPE = YES_ERROR;
				GCC_WARN_UNDECLARED_SELECTOR = YES;
				GCC_WARN_UNINITIALIZED_AUTOS = YES_AGGRESSIVE;
				GCC_WARN_UNUSED_FUNCTION = YES;
				GCC_WARN_UNUSED_VARIABLE = YES;
				IPHONEOS_DEPLOYMENT_TARGET = 10.1;
				MTL_ENABLE_DEBUG_INFO = YES;
				ONLY_ACTIVE_ARCH = YES;
				SDKROOT = iphoneos;
			};
			name = Debug;
		};
		825FF6E11DFE830900F754E8 /* Release */ = {
			isa = XCBuildConfiguration;
			buildSettings = {
				ALWAYS_SEARCH_USER_PATHS = NO;
				CLANG_ANALYZER_NONNULL = YES;
				CLANG_CXX_LANGUAGE_STANDARD = "gnu++0x";
				CLANG_CXX_LIBRARY = "libc++";
				CLANG_ENABLE_MODULES = YES;
				CLANG_ENABLE_OBJC_ARC = YES;
				CLANG_WARN_BOOL_CONVERSION = YES;
				CLANG_WARN_CONSTANT_CONVERSION = YES;
				CLANG_WARN_DIRECT_OBJC_ISA_USAGE = YES_ERROR;
				CLANG_WARN_DOCUMENTATION_COMMENTS = YES;
				CLANG_WARN_EMPTY_BODY = YES;
				CLANG_WARN_ENUM_CONVERSION = YES;
				CLANG_WARN_INFINITE_RECURSION = YES;
				CLANG_WARN_INT_CONVERSION = YES;
				CLANG_WARN_OBJC_ROOT_CLASS = YES_ERROR;
				CLANG_WARN_SUSPICIOUS_MOVES = YES;
				CLANG_WARN_UNREACHABLE_CODE = YES;
				CLANG_WARN__DUPLICATE_METHOD_MATCH = YES;
				"CODE_SIGN_IDENTITY[sdk=iphoneos*]" = "iPhone Developer";
				COPY_PHASE_STRIP = NO;
				DEBUG_INFORMATION_FORMAT = "dwarf-with-dsym";
				ENABLE_NS_ASSERTIONS = NO;
				ENABLE_STRICT_OBJC_MSGSEND = YES;
				GCC_C_LANGUAGE_STANDARD = gnu99;
				GCC_NO_COMMON_BLOCKS = YES;
				GCC_WARN_64_TO_32_BIT_CONVERSION = YES;
				GCC_WARN_ABOUT_RETURN_TYPE = YES_ERROR;
				GCC_WARN_UNDECLARED_SELECTOR = YES;
				GCC_WARN_UNINITIALIZED_AUTOS = YES_AGGRESSIVE;
				GCC_WARN_UNUSED_FUNCTION = YES;
				GCC_WARN_UNUSED_VARIABLE = YES;
				IPHONEOS_DEPLOYMENT_TARGET = 10.1;
				MTL_ENABLE_DEBUG_INFO = NO;
				SDKROOT = iphoneos;
				VALIDATE_PRODUCT = YES;
			};
			name = Release;
		};
		825FF6E31DFE830900F754E8 /* Debug */ = {
			isa = XCBuildConfiguration;
			buildSettings = {
				ASSETCATALOG_COMPILER_APPICON_NAME = AppIcon;
				INFOPLIST_FILE = "WKWebView-XH/Info.plist";
				LD_RUNPATH_SEARCH_PATHS = "$(inherited) @executable_path/Frameworks";
				PRODUCT_BUNDLE_IDENTIFIER = "com.snow.WKWebView-XH";
				PRODUCT_NAME = "$(TARGET_NAME)";
			};
			name = Debug;
		};
		825FF6E41DFE830900F754E8 /* Release */ = {
			isa = XCBuildConfiguration;
			buildSettings = {
				ASSETCATALOG_COMPILER_APPICON_NAME = AppIcon;
				INFOPLIST_FILE = "WKWebView-XH/Info.plist";
				LD_RUNPATH_SEARCH_PATHS = "$(inherited) @executable_path/Frameworks";
				PRODUCT_BUNDLE_IDENTIFIER = "com.snow.WKWebView-XH";
				PRODUCT_NAME = "$(TARGET_NAME)";
			};
			name = Release;
		};
		825FF6E61DFE830900F754E8 /* Debug */ = {
			isa = XCBuildConfiguration;
			buildSettings = {
				BUNDLE_LOADER = "$(TEST_HOST)";
				INFOPLIST_FILE = "WKWebView-XHTests/Info.plist";
				LD_RUNPATH_SEARCH_PATHS = "$(inherited) @executable_path/Frameworks @loader_path/Frameworks";
				PRODUCT_BUNDLE_IDENTIFIER = "com.snow.WKWebView-XHTests";
				PRODUCT_NAME = "$(TARGET_NAME)";
				TEST_HOST = "$(BUILT_PRODUCTS_DIR)/WKWebView-XH.app/WKWebView-XH";
			};
			name = Debug;
		};
		825FF6E71DFE830900F754E8 /* Release */ = {
			isa = XCBuildConfiguration;
			buildSettings = {
				BUNDLE_LOADER = "$(TEST_HOST)";
				INFOPLIST_FILE = "WKWebView-XHTests/Info.plist";
				LD_RUNPATH_SEARCH_PATHS = "$(inherited) @executable_path/Frameworks @loader_path/Frameworks";
				PRODUCT_BUNDLE_IDENTIFIER = "com.snow.WKWebView-XHTests";
				PRODUCT_NAME = "$(TARGET_NAME)";
				TEST_HOST = "$(BUILT_PRODUCTS_DIR)/WKWebView-XH.app/WKWebView-XH";
			};
			name = Release;
		};
		825FF6E91DFE830900F754E8 /* Debug */ = {
			isa = XCBuildConfiguration;
			buildSettings = {
				INFOPLIST_FILE = "WKWebView-XHUITests/Info.plist";
				LD_RUNPATH_SEARCH_PATHS = "$(inherited) @executable_path/Frameworks @loader_path/Frameworks";
				PRODUCT_BUNDLE_IDENTIFIER = "com.snow.WKWebView-XHUITests";
				PRODUCT_NAME = "$(TARGET_NAME)";
				TEST_TARGET_NAME = "WKWebView-XH";
			};
			name = Debug;
		};
		825FF6EA1DFE830900F754E8 /* Release */ = {
			isa = XCBuildConfiguration;
			buildSettings = {
				INFOPLIST_FILE = "WKWebView-XHUITests/Info.plist";
				LD_RUNPATH_SEARCH_PATHS = "$(inherited) @executable_path/Frameworks @loader_path/Frameworks";
				PRODUCT_BUNDLE_IDENTIFIER = "com.snow.WKWebView-XHUITests";
				PRODUCT_NAME = "$(TARGET_NAME)";
				TEST_TARGET_NAME = "WKWebView-XH";
			};
			name = Release;
		};
/* End XCBuildConfiguration section */

/* Begin XCConfigurationList section */
		825FF6B01DFE830800F754E8 /* Build configuration list for PBXProject "WKWebView-XH" */ = {
			isa = XCConfigurationList;
			buildConfigurations = (
				825FF6E01DFE830900F754E8 /* Debug */,
				825FF6E11DFE830900F754E8 /* Release */,
			);
			defaultConfigurationIsVisible = 0;
			defaultConfigurationName = Release;
		};
		825FF6E21DFE830900F754E8 /* Build configuration list for PBXNativeTarget "WKWebView-XH" */ = {
			isa = XCConfigurationList;
			buildConfigurations = (
				825FF6E31DFE830900F754E8 /* Debug */,
				825FF6E41DFE830900F754E8 /* Release */,
			);
			defaultConfigurationIsVisible = 0;
			defaultConfigurationName = Release;
		};
		825FF6E51DFE830900F754E8 /* Build configuration list for PBXNativeTarget "WKWebView-XHTests" */ = {
			isa = XCConfigurationList;
			buildConfigurations = (
				825FF6E61DFE830900F754E8 /* Debug */,
				825FF6E71DFE830900F754E8 /* Release */,
			);
			defaultConfigurationIsVisible = 0;
			defaultConfigurationName = Release;
		};
		825FF6E81DFE830900F754E8 /* Build configuration list for PBXNativeTarget "WKWebView-XHUITests" */ = {
			isa = XCConfigurationList;
			buildConfigurations = (
				825FF6E91DFE830900F754E8 /* Debug */,
				825FF6EA1DFE830900F754E8 /* Release */,
			);
			defaultConfigurationIsVisible = 0;
			defaultConfigurationName = Release;
		};
/* End XCConfigurationList section */
	};
	rootObject = 825FF6AD1DFE830800F754E8 /* Project object */;
}
